// !$*UTF8*$!
{
	archiveVersion = 1;
	classes = {
	};
	objectVersion = 50;
	objects = {

/* Begin PBXBuildFile section */
		216F862C2266F0F0008231E7 /* OpenAL.framework in Frameworks */ = {isa = PBXBuildFile; fileRef = 216F862A2266F0EF008231E7 /* OpenAL.framework */; };
		216F862D2266F0F0008231E7 /* OpenGLES.framework in Frameworks */ = {isa = PBXBuildFile; fileRef = 216F862B2266F0F0008231E7 /* OpenGLES.framework */; };
		21B5D47F2265D6E30054A61E /* AppDelegate.m in Sources */ = {isa = PBXBuildFile; fileRef = 21B5D47E2265D6E30054A61E /* AppDelegate.m */; };
		21B5D4822265D6E30054A61E /* ViewController.m in Sources */ = {isa = PBXBuildFile; fileRef = 21B5D4812265D6E30054A61E /* ViewController.m */; };
		21B5D4852265D6E30054A61E /* Main.storyboard in Resources */ = {isa = PBXBuildFile; fileRef = 21B5D4832265D6E30054A61E /* Main.storyboard */; };
		21B5D4872265D6EA0054A61E /* Assets.xcassets in Resources */ = {isa = PBXBuildFile; fileRef = 21B5D4862265D6EA0054A61E /* Assets.xcassets */; };
		21B5D48A2265D6EA0054A61E /* LaunchScreen.storyboard in Resources */ = {isa = PBXBuildFile; fileRef = 21B5D4882265D6EA0054A61E /* LaunchScreen.storyboard */; };
		21B5D48D2265D6EA0054A61E /* main.m in Sources */ = {isa = PBXBuildFile; fileRef = 21B5D48C2265D6EA0054A61E /* main.m */; };
/* End PBXBuildFile section */

/* Begin PBXFileReference section */
		216F862A2266F0EF008231E7 /* OpenAL.framework */ = {isa = PBXFileReference; lastKnownFileType = wrapper.framework; name = OpenAL.framework; path = System/Library/Frameworks/OpenAL.framework; sourceTree = SDKROOT; };
		216F862B2266F0F0008231E7 /* OpenGLES.framework */ = {isa = PBXFileReference; lastKnownFileType = wrapper.framework; name = OpenGLES.framework; path = System/Library/Frameworks/OpenGLES.framework; sourceTree = SDKROOT; };
		21B5D47A2265D6E30054A61E /* openGL.app */ = {isa = PBXFileReference; explicitFileType = wrapper.application; includeInIndex = 0; path = openGL.app; sourceTree = BUILT_PRODUCTS_DIR; };
		21B5D47D2265D6E30054A61E /* AppDelegate.h */ = {isa = PBXFileReference; lastKnownFileType = sourcecode.c.h; path = AppDelegate.h; sourceTree = "<group>"; };
		21B5D47E2265D6E30054A61E /* AppDelegate.m */ = {isa = PBXFileReference; lastKnownFileType = sourcecode.c.objc; path = AppDelegate.m; sourceTree = "<group>"; };
		21B5D4802265D6E30054A61E /* ViewController.h */ = {isa = PBXFileReference; lastKnownFileType = sourcecode.c.h; path = ViewController.h; sourceTree = "<group>"; };
		21B5D4812265D6E30054A61E /* ViewController.m */ = {isa = PBXFileReference; lastKnownFileType = sourcecode.c.objc; path = ViewController.m; sourceTree = "<group>"; };
		21B5D4842265D6E30054A61E /* Base */ = {isa = PBXFileReference; lastKnownFileType = file.storyboard; name = Base; path = Base.lproj/Main.storyboard; sourceTree = "<group>"; };
		21B5D4862265D6EA0054A61E /* Assets.xcassets */ = {isa = PBXFileReference; lastKnownFileType = folder.assetcatalog; path = Assets.xcassets; sourceTree = "<group>"; };
		21B5D4892265D6EA0054A61E /* Base */ = {isa = PBXFileReference; lastKnownFileType = file.storyboard; name = Base; path = Base.lproj/LaunchScreen.storyboard; sourceTree = "<group>"; };
		21B5D48B2265D6EA0054A61E /* Info.plist */ = {isa = PBXFileReference; lastKnownFileType = text.plist.xml; path = Info.plist; sourceTree = "<group>"; };
		21B5D48C2265D6EA0054A61E /* main.m */ = {isa = PBXFileReference; lastKnownFileType = sourcecode.c.objc; path = main.m; sourceTree = "<group>"; };
/* End PBXFileReference section */

/* Begin PBXFrameworksBuildPhase section */
		21B5D4772265D6E30054A61E /* Frameworks */ = {
			isa = PBXFrameworksBuildPhase;
			buildActionMask = 2147483647;
			files = (
				216F862C2266F0F0008231E7 /* OpenAL.framework in Frameworks */,
				216F862D2266F0F0008231E7 /* OpenGLES.framework in Frameworks */,
			);
			runOnlyForDeploymentPostprocessing = 0;
		};
/* End PBXFrameworksBuildPhase section */

/* Begin PBXGroup section */
		216F86292266F0EF008231E7 /* Frameworks */ = {
			isa = PBXGroup;
			children = (
				216F862A2266F0EF008231E7 /* OpenAL.framework */,
				216F862B2266F0F0008231E7 /* OpenGLES.framework */,
			);
			name = Frameworks;
			sourceTree = "<group>";
		};
		21B5D4712265D6E30054A61E = {
			isa = PBXGroup;
			children = (
				21B5D47C2265D6E30054A61E /* openGL */,
				21B5D47B2265D6E30054A61E /* Products */,
				216F86292266F0EF008231E7 /* Frameworks */,
			);
			sourceTree = "<group>";
		};
		21B5D47B2265D6E30054A61E /* Products */ = {
			isa = PBXGroup;
			children = (
				21B5D47A2265D6E30054A61E /* openGL.app */,
			);
			name = Products;
			sourceTree = "<group>";
		};
		21B5D47C2265D6E30054A61E /* openGL */ = {
			isa = PBXGroup;
			children = (
				21B5D47D2265D6E30054A61E /* AppDelegate.h */,
				21B5D47E2265D6E30054A61E /* AppDelegate.m */,
				21B5D4802265D6E30054A61E /* ViewController.h */,
				21B5D4812265D6E30054A61E /* ViewController.m */,
				21B5D4832265D6E30054A61E /* Main.storyboard */,
				21B5D4862265D6EA0054A61E /* Assets.xcassets */,
				21B5D4882265D6EA0054A61E /* LaunchScreen.storyboard */,
				21B5D48B2265D6EA0054A61E /* Info.plist */,
				21B5D48C2265D6EA0054A61E /* main.m */,
			);
			path = openGL;
			sourceTree = "<group>";
		};
/* End PBXGroup section */

/* Begin PBXNativeTarget section */
		21B5D4792265D6E30054A61E /* openGL */ = {
			isa = PBXNativeTarget;
			buildConfigurationList = 21B5D4902265D6EA0054A61E /* Build configuration list for PBXNativeTarget "openGL" */;
			buildPhases = (
				21B5D4762265D6E30054A61E /* Sources */,
				21B5D4772265D6E30054A61E /* Frameworks */,
				21B5D4782265D6E30054A61E /* Resources */,
			);
			buildRules = (
			);
			dependencies = (
			);
			name = openGL;
			productName = openGL;
			productReference = 21B5D47A2265D6E30054A61E /* openGL.app */;
			productType = "com.apple.product-type.application";
		};
/* End PBXNativeTarget section */

/* Begin PBXProject section */
		21B5D4722265D6E30054A61E /* Project object */ = {
			isa = PBXProject;
			attributes = {
				LastUpgradeCheck = 1010;
				ORGANIZATIONNAME = lcWorld;
				TargetAttributes = {
					21B5D4792265D6E30054A61E = {
						CreatedOnToolsVersion = 10.1;
					};
				};
			};
			buildConfigurationList = 21B5D4752265D6E30054A61E /* Build configuration list for PBXProject "openGL" */;
			compatibilityVersion = "Xcode 9.3";
			developmentRegion = en;
			hasScannedForEncodings = 0;
			knownRegions = (
				en,
				Base,
			);
			mainGroup = 21B5D4712265D6E30054A61E;
			productRefGroup = 21B5D47B2265D6E30054A61E /* Products */;
			projectDirPath = "";
			projectRoot = "";
			targets = (
				21B5D4792265D6E30054A61E /* openGL */,
			);
		};
/* End PBXProject section */

/* Begin PBXResourcesBuildPhase section */
		21B5D4782265D6E30054A61E /* Resources */ = {
			isa = PBXResourcesBuildPhase;
			buildActionMask = 2147483647;
			files = (
				21B5D48A2265D6EA0054A61E /* LaunchScreen.storyboard in Resources */,
				21B5D4872265D6EA0054A61E /* Assets.xcassets in Resources */,
				21B5D4852265D6E30054A61E /* Main.storyboard in Resources */,
			);
			runOnlyForDeploymentPostprocessing = 0;
		};
/* End PBXResourcesBuildPhase section */

/* Begin PBXSourcesBuildPhase section */
		21B5D4762265D6E30054A61E /* Sources */ = {
			isa = PBXSourcesBuildPhase;
			buildActionMask = 2147483647;
			files = (
				21B5D4822265D6E30054A61E /* ViewController.m in Sources */,
				21B5D48D2265D6EA0054A61E /* main.m in Sources */,
				21B5D47F2265D6E30054A61E /* AppDelegate.m in Sources */,
			);
			runOnlyForDeploymentPostprocessing = 0;
		};
/* End PBXSourcesBuildPhase section */

/* Begin PBXVariantGroup section */
		21B5D4832265D6E30054A61E /* Main.storyboard */ = {
			isa = PBXVariantGroup;
			children = (
				21B5D4842265D6E30054A61E /* Base */,
			);
			name = Main.storyboard;
			sourceTree = "<group>";
		};
		21B5D4882265D6EA0054A61E /* LaunchScreen.storyboard */ = {
			isa = PBXVariantGroup;
			children = (
				21B5D4892265D6EA0054A61E /* Base */,
			);
			name = LaunchScreen.storyboard;
			sourceTree = "<group>";
		};
/* End PBXVariantGroup section */

/* Begin XCBuildConfiguration section */
		21B5D48E2265D6EA0054A61E /* Debug */ = {
			isa = XCBuildConfiguration;
			buildSettings = {
				ALWAYS_SEARCH_USER_PATHS = NO;
				CLANG_ANALYZER_NONNULL = YES;
				CLANG_ANALYZER_NUMBER_OBJECT_CONVERSION = YES_AGGRESSIVE;
				CLANG_CXX_LANGUAGE_STANDARD = "gnu++14";
				CLANG_CXX_LIBRARY = "libc++";
				CLANG_ENABLE_MODULES = YES;
				CLANG_ENABLE_OBJC_ARC = YES;
				CLANG_ENABLE_OBJC_WEAK = YES;
				CLANG_WARN_BLOCK_CAPTURE_AUTORELEASING = YES;
				CLANG_WARN_BOOL_CONVERSION = YES;
				CLANG_WARN_COMMA = YES;
				CLANG_WARN_CONSTANT_CONVERSION = YES;
				CLANG_WARN_DEPRECATED_OBJC_IMPLEMENTATIONS = YES;
				CLANG_WARN_DIRECT_OBJC_ISA_USAGE = YES_ERROR;
				CLANG_WARN_DOCUMENTATION_COMMENTS = YES;
				CLANG_WARN_EMPTY_BODY = YES;
				CLANG_WARN_ENUM_CONVERSION = YES;
				CLANG_WARN_INFINITE_RECURSION = YES;
				CLANG_WARN_INT_CONVERSION = YES;
				CLANG_WARN_NON_LITERAL_NULL_CONVERSION = YES;
				CLANG_WARN_OBJC_IMPLICIT_RETAIN_SELF = YES;
				CLANG_WARN_OBJC_LITERAL_CONVERSION = YES;
				CLANG_WARN_OBJC_ROOT_CLASS = YES_ERROR;
				CLANG_WARN_RANGE_LOOP_ANALYSIS = YES;
				CLANG_WARN_STRICT_PROTOTYPES = YES;
				CLANG_WARN_SUSPICIOUS_MOVE = YES;
				CLANG_WARN_UNGUARDED_AVAILABILITY = YES_AGGRESSIVE;
				CLANG_WARN_UNREACHABLE_CODE = YES;
				CLANG_WARN__DUPLICATE_METHOD_MATCH = YES;
				CODE_SIGN_IDENTITY = "iPhone Developer";
				COPY_PHASE_STRIP = NO;
				DEBUG_INFORMATION_FORMAT = dwarf;
				ENABLE_STRICT_OBJC_MSGSEND = YES;
				ENABLE_TESTABILITY = YES;
				GCC_C_LANGUAGE_STANDARD = gnu11;
				GCC_DYNAMIC_NO_PIC = NO;
				GCC_NO_COMMON_BLOCKS = YES;
				GCC_OPTIMIZATION_LEVEL = 0;
				GCC_PREPROCESSOR_DEFINITIONS = (
					"DEBUG=1",
					"$(inherited)",
				);
				GCC_WARN_64_TO_32_BIT_CONVERSION = YES;
				GCC_WARN_ABOUT_RETURN_TYPE = YES_ERROR;
				GCC_WARN_UNDECLARED_SELECTOR = YES;
				GCC_WARN_UNINITIALIZED_AUTOS = YES_AGGRESSIVE;
				GCC_WARN_UNUSED_FUNCTION = YES;
				GCC_WARN_UNUSED_VARIABLE = YES;
				IPHONEOS_DEPLOYMENT_TARGET = 12.1;
				MTL_ENABLE_DEBUG_INFO = INCLUDE_SOURCE;
				MTL_FAST_MATH = YES;
				ONLY_ACTIVE_ARCH = YES;
				SDKROOT = iphoneos;
			};
			name = Debug;
		};
		21B5D48F2265D6EA0054A61E /* Release */ = {
			isa = XCBuildConfiguration;
			buildSettings = {
				ALWAYS_SEARCH_USER_PATHS = NO;
				CLANG_ANALYZER_NONNULL = YES;
				CLANG_ANALYZER_NUMBER_OBJECT_CONVERSION = YES_AGGRESSIVE;
				CLANG_CXX_LANGUAGE_STANDARD = "gnu++14";
				CLANG_CXX_LIBRARY = "libc++";
				CLANG_ENABLE_MODULES = YES;
				CLANG_ENABLE_OBJC_ARC = YES;
				CLANG_ENABLE_OBJC_WEAK = YES;
				CLANG_WARN_BLOCK_CAPTURE_AUTORELEASING = YES;
				CLANG_WARN_BOOL_CONVERSION = YES;
				CLANG_WARN_COMMA = YES;
				CLANG_WARN_CONSTANT_CONVERSION = YES;
				CLANG_WARN_DEPRECATED_OBJC_IMPLEMENTATIONS = YES;
				CLANG_WARN_DIRECT_OBJC_ISA_USAGE = YES_ERROR;
				CLANG_WARN_DOCUMENTATION_COMMENTS = YES;
				CLANG_WARN_EMPTY_BODY = YES;
				CLANG_WARN_ENUM_CONVERSION = YES;
				CLANG_WARN_INFINITE_RECURSION = YES;
				CLANG_WARN_INT_CONVERSION = YES;
				CLANG_WARN_NON_LITERAL_NULL_CONVERSION = YES;
				CLANG_WARN_OBJC_IMPLICIT_RETAIN_SELF = YES;
				CLANG_WARN_OBJC_LITERAL_CONVERSION = YES;
				CLANG_WARN_OBJC_ROOT_CLASS = YES_ERROR;
				CLANG_WARN_RANGE_LOOP_ANALYSIS = YES;
				CLANG_WARN_STRICT_PROTOTYPES = YES;
				CLANG_WARN_SUSPICIOUS_MOVE = YES;
				CLANG_WARN_UNGUARDED_AVAILABILITY = YES_AGGRESSIVE;
				CLANG_WARN_UNREACHABLE_CODE = YES;
				CLANG_WARN__DUPLICATE_METHOD_MATCH = YES;
				CODE_SIGN_IDENTITY = "iPhone Developer";
				COPY_PHASE_STRIP = NO;
				DEBUG_INFORMATION_FORMAT = "dwarf-with-dsym";
				ENABLE_NS_ASSERTIONS = NO;
				ENABLE_STRICT_OBJC_MSGSEND = YES;
				GCC_C_LANGUAGE_STANDARD = gnu11;
				GCC_NO_COMMON_BLOCKS = YES;
				GCC_WARN_64_TO_32_BIT_CONVERSION = YES;
				GCC_WARN_ABOUT_RETURN_TYPE = YES_ERROR;
				GCC_WARN_UNDECLARED_SELECTOR = YES;
				GCC_WARN_UNINITIALIZED_AUTOS = YES_AGGRESSIVE;
				GCC_WARN_UNUSED_FUNCTION = YES;
				GCC_WARN_UNUSED_VARIABLE = YES;
				IPHONEOS_DEPLOYMENT_TARGET = 12.1;
				MTL_ENABLE_DEBUG_INFO = NO;
				MTL_FAST_MATH = YES;
				SDKROOT = iphoneos;
				VALIDATE_PRODUCT = YES;
			};
			name = Release;
		};
		21B5D4912265D6EA0054A61E /* Debug */ = {
			isa = XCBuildConfiguration;
			buildSettings = {
				ASSETCATALOG_COMPILER_APPICON_NAME = AppIcon;
				CODE_SIGN_STYLE = Automatic;
				DEVELOPMENT_TEAM = JSRBNARJYJ;
				INFOPLIST_FILE = openGL/Info.plist;
				IPHONEOS_DEPLOYMENT_TARGET = 11.4;
				LD_RUNPATH_SEARCH_PATHS = (
					"$(inherited)",
					"@executable_path/Frameworks",
				);
				PRODUCT_BUNDLE_IDENTIFIER = cn.CITS;
				PRODUCT_NAME = "$(TARGET_NAME)";
				TARGETED_DEVICE_FAMILY = "1,2";
			};
			name = Debug;
		};
		21B5D4922265D6EA0054A61E /* Release */ = {
			isa = XCBuildConfiguration;
			buildSettings = {
				ASSETCATALOG_COMPILER_APPICON_NAME = AppIcon;
				CODE_SIGN_STYLE = Automatic;
				DEVELOPMENT_TEAM = JSRBNARJYJ;
				INFOPLIST_FILE = openGL/Info.plist;
				IPHONEOS_DEPLOYMENT_TARGET = 11.4;
				LD_RUNPATH_SEARCH_PATHS = (
					"$(inherited)",
					"@executable_path/Frameworks",
				);
				PRODUCT_BUNDLE_IDENTIFIER = cn.CITS;
				PRODUCT_NAME = "$(TARGET_NAME)";
				TARGETED_DEVICE_FAMILY = "1,2";
			};
			name = Release;
		};
/* End XCBuildConfiguration section */

/* Begin XCConfigurationList section */
		21B5D4752265D6E30054A61E /* Build configuration list for PBXProject "openGL" */ = {
			isa = XCConfigurationList;
			buildConfigurations = (
				21B5D48E2265D6EA0054A61E /* Debug */,
				21B5D48F2265D6EA0054A61E /* Release */,
			);
			defaultConfigurationIsVisible = 0;
			defaultConfigurationName = Release;
		};
		21B5D4902265D6EA0054A61E /* Build configuration list for PBXNativeTarget "openGL" */ = {
			isa = XCConfigurationList;
			buildConfigurations = (
				21B5D4912265D6EA0054A61E /* Debug */,
				21B5D4922265D6EA0054A61E /* Release */,
			);
			defaultConfigurationIsVisible = 0;
			defaultConfigurationName = Release;
		};
/* End XCConfigurationList section */
	};
	rootObject = 21B5D4722265D6E30054A61E /* Project object */;
}
